
Microsoft Visual Studio Solution File, Format Version 12.00
# Visual Studio 15
VisualStudioVersion = 15.0.28306.52
MinimumVisualStudioVersion = 10.0.40219.1
Project("{FAE04EC0-301F-11D3-BF4B-00C04F79EFBC}") = "TestEap", "TestEap\TestEap.csproj", "{2E34AEF1-B495-4F88-A6A0-87650D6B3259}"
EndProject
Global
	GlobalSection(SolutionConfigurationPlatforms) = preSolution
		Debug|Any CPU = Debug|Any CPU
		Release|Any CPU = Release|Any CPU
	EndGlobalSection
	GlobalSection(ProjectConfigurationPlatforms) = postSolution
		{2E34AEF1-B495-4F88-A6A0-87650D6B3259}.Debug|Any CPU.ActiveCfg = Debug|Any CPU
		{2E34AEF1-B495-4F88-A6A0-87650D6B3259}.Debug|Any CPU.Build.0 = Debug|Any CPU
		{2E34AEF1-B495-4F88-A6A0-87650D6B3259}.Release|Any CPU.ActiveCfg = Release|Any CPU
		{2E34AEF1-B495-4F88-A6A0-87650D6B3259}.Release|Any CPU.Build.0 = Release|Any CPU
	EndGlobalSection
	GlobalSection(SolutionProperties) = preSolution
		HideSolutionNode = FALSE
	EndGlobalSection
	GlobalSection(ExtensibilityGlobals) = postSolution
		SolutionGuid = {3E4B5389-499C-42CD-9EF2-2E34434864C7}
	EndGlobalSection
EndGlobal
